
Microsoft Visual Studio Solution File, Format Version 12.00
# Visual Studio Version 16
VisualStudioVersion = 16.0.30225.117
MinimumVisualStudioVersion = 10.0.40219.1
Project("{9A19103F-16F7-4668-BE54-9A1E7A4F7556}") = "FirstTask", "ConsoleApp6\FirstTask.csproj", "{FAC10234-0919-4457-A1F7-F5DB876A9EB8}"
EndProject
Project("{FAE04EC0-301F-11D3-BF4B-00C04F79EFBC}") = "SecondTask", "SecondTask\SecondTask.csproj", "{5A71B43E-A3A8-410E-A71D-E61462D6BF99}"
EndProject
Project("{FAE04EC0-301F-11D3-BF4B-00C04F79EFBC}") = "ThirdTask", "ThirdTask\ThirdTask.csproj", "{3585258E-BD81-448B-9B8B-8B94552F15FF}"
EndProject
Global
	GlobalSection(SolutionConfigurationPlatforms) = preSolution
		Debug|Any CPU = Debug|Any CPU
		Release|Any CPU = Release|Any CPU
	EndGlobalSection
	GlobalSection(ProjectConfigurationPlatforms) = postSolution
		{FAC10234-0919-4457-A1F7-F5DB876A9EB8}.Debug|Any CPU.ActiveCfg = Debug|Any CPU
		{FAC10234-0919-4457-A1F7-F5DB876A9EB8}.Debug|Any CPU.Build.0 = Debug|Any CPU
		{FAC10234-0919-4457-A1F7-F5DB876A9EB8}.Release|Any CPU.ActiveCfg = Release|Any CPU
		{FAC10234-0919-4457-A1F7-F5DB876A9EB8}.Release|Any CPU.Build.0 = Release|Any CPU
		{5A71B43E-A3A8-410E-A71D-E61462D6BF99}.Debug|Any CPU.ActiveCfg = Debug|Any CPU
		{5A71B43E-A3A8-410E-A71D-E61462D6BF99}.Debug|Any CPU.Build.0 = Debug|Any CPU
		{5A71B43E-A3A8-410E-A71D-E61462D6BF99}.Release|Any CPU.ActiveCfg = Release|Any CPU
		{5A71B43E-A3A8-410E-A71D-E61462D6BF99}.Release|Any CPU.Build.0 = Release|Any CPU
		{3585258E-BD81-448B-9B8B-8B94552F15FF}.Debug|Any CPU.ActiveCfg = Debug|Any CPU
		{3585258E-BD81-448B-9B8B-8B94552F15FF}.Debug|Any CPU.Build.0 = Debug|Any CPU
		{3585258E-BD81-448B-9B8B-8B94552F15FF}.Release|Any CPU.ActiveCfg = Release|Any CPU
		{3585258E-BD81-448B-9B8B-8B94552F15FF}.Release|Any CPU.Build.0 = Release|Any CPU
	EndGlobalSection
	GlobalSection(SolutionProperties) = preSolution
		HideSolutionNode = FALSE
	EndGlobalSection
	GlobalSection(ExtensibilityGlobals) = postSolution
		SolutionGuid = {A7CFB633-DF64-4480-ABDE-347C3883FA85}
	EndGlobalSection
EndGlobal
